# THIS IS AN AUTOGENERATED FILE. DO NOT EDIT THIS FILE DIRECTLY.
# yarn lockfile v1


"@babel/runtime@^7.0.0":
  version "7.4.3"
  resolved "http://registry.npm.taobao.org/@babel/runtime/download/@babel/runtime-7.4.3.tgz#79888e452034223ad9609187a0ad1fe0d2ad4bdc"
  integrity sha1-eYiORSA0IjrZYJGHoK0f4NKtS9w=
  dependencies:
    regenerator-runtime "^0.13.2"

"@icons/material@^0.2.4":
  version "0.2.4"
  resolved "http://registry.npm.taobao.org/@icons/material/download/@icons/material-0.2.4.tgz#e90c9f71768b3736e76d7dd6783fc6c2afa88bc8"
  integrity sha1-6QyfcXaLNzbnbX3WeD/Gwq+oi8g=

clipboard-js@^0.3.6:
  version "0.3.6"
  resolved "http://registry.npm.taobao.org/clipboard-js/download/clipboard-js-0.3.6.tgz#6260add69b5318fde40b80f9d3c8c863efdaf339"
  integrity sha1-YmCt1ptTGP3kC4D508jIY+/a8zk=

error-stack-parser@^2.0.2:
  version "2.0.2"
  resolved "http://registry.npm.taobao.org/error-stack-parser/download/error-stack-parser-2.0.2.tgz#4ae8dbaa2bf90a8b450707b9149dcabca135520d"
  integrity sha1-Sujbqiv5CotFBwe5FJ3KvKE1Ug0=
  dependencies:
    stackframe "^1.0.4"

events@^3.0.0:
  version "3.0.0"
  resolved "http://registry.npm.taobao.org/events/download/events-3.0.0.tgz#9a0a0dfaf62893d92b875b8f2698ca4114973e88"
  integrity sha1-mgoN+vYok9krh1uPJpjKQRSXPog=

immutable@^4.0.0-rc.12:
  version "4.0.0-rc.12"
  resolved "http://registry.npm.taobao.org/immutable/download/immutable-4.0.0-rc.12.tgz#ca59a7e4c19ae8d9bf74a97bdf0f6e2f2a5d0217"
  integrity sha1-ylmn5MGa6Nm/dKl73w9uLypdAhc=

"js-tokens@^3.0.0 || ^4.0.0":
  version "4.0.0"
  resolved "http://registry.npm.taobao.org/js-tokens/download/js-tokens-4.0.0.tgz#19203fb59991df98e3a287050d4647cdeaf32499"
  integrity sha1-GSA/tZmR35jjoocFDUZHzerzJJk=

lodash@>4.17.4, lodash@^4.0.1:
  version "4.17.11"
  resolved "http://registry.npm.taobao.org/lodash/download/lodash-4.17.11.tgz#b39ea6229ef607ecd89e2c8df12536891cac9b8d"
  integrity sha1-s56mIp72B+zYniyN8SU2iRysm40=

loose-envify@^1.4.0:
  version "1.4.0"
  resolved "http://registry.npm.taobao.org/loose-envify/download/loose-envify-1.4.0.tgz#71ee51fa7be4caec1a63839f7e682d8132d30caf"
  integrity sha1-ce5R+nvkyuwaY4OffmgtgTLTDK8=
  dependencies:
    js-tokens "^3.0.0 || ^4.0.0"

lru-cache@^5.1.1:
  version "5.1.1"
  resolved "http://registry.npm.taobao.org/lru-cache/download/lru-cache-5.1.1.tgz#1da27e6710271947695daf6848e847f01d84b920"
  integrity sha1-HaJ+ZxAnGUdpXa9oSOhH8B2EuSA=
  dependencies:
    yallist "^3.0.2"

material-colors@^1.2.1:
  version "1.2.6"
  resolved "http://registry.npm.taobao.org/material-colors/download/material-colors-1.2.6.tgz#6d1958871126992ceecc72f4bcc4d8f010865f46"
  integrity sha1-bRlYhxEmmSzuzHL0vMTY8BCGX0Y=

"memoize-one@>=3.1.1 <6":
  version "5.0.4"
  resolved "http://registry.npm.taobao.org/memoize-one/download/memoize-one-5.0.4.tgz#005928aced5c43d890a4dfab18ca908b0ec92cbc"
  integrity sha1-AFkorO1cQ9iQpN+rGMqQiw7JLLw=

nullthrows@^1.1.1:
  version "1.1.1"
  resolved "http://registry.npm.taobao.org/nullthrows/download/nullthrows-1.1.1.tgz#7818258843856ae971eae4208ad7d7eb19a431b1"
  integrity sha1-eBgliEOFaulx6uQgitfX6xmkMbE=

object-assign@^4.1.1:
  version "4.1.1"
  resolved "http://registry.npm.taobao.org/object-assign/download/object-assign-4.1.1.tgz#2109adc7965887cfc05cbbd442cac8bfbb360863"
  integrity sha1-IQmtx5ZYh8/AXLvUQsrIv7s2CGM=

prop-types@^15.5.10, prop-types@^15.5.8, prop-types@^15.7.2:
  version "15.7.2"
  resolved "http://registry.npm.taobao.org/prop-types/download/prop-types-15.7.2.tgz#52c41e75b8c87e72b9d9360e0206b99dcbffa6c5"
  integrity sha1-UsQedbjIfnK52TYOAga5ncv/psU=
  dependencies:
    loose-envify "^1.4.0"
    object-assign "^4.1.1"
    react-is "^16.8.1"

react-color@^2.17.0:
  version "2.17.0"
  resolved "http://registry.npm.taobao.org/react-color/download/react-color-2.17.0.tgz#e14b8a11f4e89163f65a34c8b43faf93f7f02aaa"
  integrity sha1-4UuKEfTokWP2WjTItD+vk/fwKqo=
  dependencies:
    "@icons/material" "^0.2.4"
    lodash ">4.17.4"
    material-colors "^1.2.1"
    prop-types "^15.5.10"
    reactcss "^1.2.0"
    tinycolor2 "^1.4.1"

react-is@^16.8.1:
  version "16.8.6"
  resolved "http://registry.npm.taobao.org/react-is/download/react-is-16.8.6.tgz#5bbc1e2d29141c9fbdfed456343fe2bc430a6a16"
  integrity sha1-W7weLSkUHJ+9/tRWND/ivEMKahY=

react-portal@^4.2.0:
  version "4.2.0"
  resolved "http://registry.npm.taobao.org/react-portal/download/react-portal-4.2.0.tgz#5400831cdb0ae64dccb8128121cf076089ab1afd"
  integrity sha1-VACDHNsK5k3MuBKBIc8HYImrGv0=
  dependencies:
    prop-types "^15.5.8"

react-virtualized-auto-sizer@^1.0.2:
  version "1.0.2"
  resolved "http://registry.npm.taobao.org/react-virtualized-auto-sizer/download/react-virtualized-auto-sizer-1.0.2.tgz#a61dd4f756458bbf63bd895a92379f9b70f803bd"
  integrity sha1-ph3U91ZFi79jvYlakjefm3D4A70=

react-window@^1.8.1:
  version "1.8.1"
  resolved "http://registry.npm.taobao.org/react-window/download/react-window-1.8.1.tgz#12f1db71d91552ed2263790e57cc77d950803db1"
  integrity sha1-EvHbcdkVUu0iY3kOV8x32VCAPbE=
  dependencies:
    "@babel/runtime" "^7.0.0"
    memoize-one ">=3.1.1 <6"

reactcss@^1.2.0:
  version "1.2.3"
  resolved "http://registry.npm.taobao.org/reactcss/download/reactcss-1.2.3.tgz#c00013875e557b1cf0dfd9a368a1c3dab3b548dd"
  integrity sha1-wAATh15Vexzw39mjaKHD2rO1SN0=
  dependencies:
    lodash "^4.0.1"

regenerator-runtime@^0.13.2:
  version "0.13.2"
  resolved "http://registry.npm.taobao.org/regenerator-runtime/download/regenerator-runtime-0.13.2.tgz#32e59c9a6fb9b1a4aff09b4930ca2d4477343447"
  integrity sha1-MuWcmm+5saSv8JtJMMotRHc0NEc=

stackframe@^1.0.4:
  version "1.0.4"
  resolved "http://registry.npm.taobao.org/stackframe/download/stackframe-1.0.4.tgz#357b24a992f9427cba6b545d96a14ed2cbca187b"
  integrity sha1-NXskqZL5Qny6a1RdlqFO0svKGHs=

tinycolor2@^1.4.1:
  version "1.4.1"
  resolved "http://registry.npm.taobao.org/tinycolor2/download/tinycolor2-1.4.1.tgz#f4fad333447bc0b07d4dc8e9209d8f39a8ac77e8"
  integrity sha1-9PrTM0R7wLB9TcjpIJ2POaisd+g=

yallist@^3.0.2:
  version "3.0.3"
  resolved "http://registry.npm.taobao.org/yallist/download/yallist-3.0.3.tgz#b4b049e314be545e3ce802236d6cd22cd91c3de9"
  integrity sha1-tLBJ4xS+VF486AIjbWzSLNkcPek=
